
Microsoft Visual Studio Solution File, Format Version 12.00
# Visual Studio Version 16
VisualStudioVersion = 16.0.30114.105
MinimumVisualStudioVersion = 10.0.40219.1
Project("{FAE04EC0-301F-11D3-BF4B-00C04F79EFBC}") = "Library", "Library\Library.csproj", "{68C36916-FDC6-483A-A5DB-BDA28AF8CFB3}"
EndProject
Project("{FAE04EC0-301F-11D3-BF4B-00C04F79EFBC}") = "Tests", "Tests\Tests.csproj", "{8DE8FA8A-7C12-4484-8DFE-FB4DDF63AF94}"
EndProject
Global
	GlobalSection(SolutionConfigurationPlatforms) = preSolution
		Debug|Any CPU = Debug|Any CPU
		Release|Any CPU = Release|Any CPU
	EndGlobalSection
	GlobalSection(SolutionProperties) = preSolution
		HideSolutionNode = FALSE
	EndGlobalSection
	GlobalSection(ProjectConfigurationPlatforms) = postSolution
		{68C36916-FDC6-483A-A5DB-BDA28AF8CFB3}.Debug|Any CPU.ActiveCfg = Debug|Any CPU
		{68C36916-FDC6-483A-A5DB-BDA28AF8CFB3}.Debug|Any CPU.Build.0 = Debug|Any CPU
		{68C36916-FDC6-483A-A5DB-BDA28AF8CFB3}.Release|Any CPU.ActiveCfg = Release|Any CPU
		{68C36916-FDC6-483A-A5DB-BDA28AF8CFB3}.Release|Any CPU.Build.0 = Release|Any CPU
		{8DE8FA8A-7C12-4484-8DFE-FB4DDF63AF94}.Debug|Any CPU.ActiveCfg = Debug|Any CPU
		{8DE8FA8A-7C12-4484-8DFE-FB4DDF63AF94}.Debug|Any CPU.Build.0 = Debug|Any CPU
		{8DE8FA8A-7C12-4484-8DFE-FB4DDF63AF94}.Release|Any CPU.ActiveCfg = Release|Any CPU
		{8DE8FA8A-7C12-4484-8DFE-FB4DDF63AF94}.Release|Any CPU.Build.0 = Release|Any CPU
	EndGlobalSection
EndGlobal
